
Microsoft Visual Studio Solution File, Format Version 12.00
# Visual Studio Version 16
VisualStudioVersion = 16.0.31702.278
MinimumVisualStudioVersion = 10.0.40219.1
Project("{FAE04EC0-301F-11D3-BF4B-00C04F79EFBC}") = "UXORBreaker", "UXORBreaker.csproj", "{8752E54C-81E0-44DC-B284-61D5E381AEB7}"
EndProject
Global
	GlobalSection(SolutionConfigurationPlatforms) = preSolution
		Debug|Any CPU = Debug|Any CPU
		Release|Any CPU = Release|Any CPU
	EndGlobalSection
	GlobalSection(ProjectConfigurationPlatforms) = postSolution
		{8752E54C-81E0-44DC-B284-61D5E381AEB7}.Debug|Any CPU.ActiveCfg = Debug|Any CPU
		{8752E54C-81E0-44DC-B284-61D5E381AEB7}.Debug|Any CPU.Build.0 = Debug|Any CPU
		{8752E54C-81E0-44DC-B284-61D5E381AEB7}.Release|Any CPU.ActiveCfg = Release|Any CPU
		{8752E54C-81E0-44DC-B284-61D5E381AEB7}.Release|Any CPU.Build.0 = Release|Any CPU
	EndGlobalSection
	GlobalSection(SolutionProperties) = preSolution
		HideSolutionNode = FALSE
	EndGlobalSection
	GlobalSection(ExtensibilityGlobals) = postSolution
		SolutionGuid = {3BF3076F-4D2C-45D6-A6AB-62C4710C64F0}
	EndGlobalSection
EndGlobal
